
Microsoft Visual Studio Solution File, Format Version 12.00
# Visual Studio Version 17
VisualStudioVersion = 17.12.35728.132
MinimumVisualStudioVersion = 10.0.40219.1
Project("{FAE04EC0-301F-11D3-BF4B-00C04F79EFBC}") = "IERT_Pryag", "IERT_Pryag\IERT_Pryag.csproj", "{724423F9-3F4B-4EF3-8465-093C84CBCEF4}"
EndProject
Project("{FAE04EC0-301F-11D3-BF4B-00C04F79EFBC}") = "ClsCandidate", "ClsCandidate\ClsCandidate.csproj", "{06BDF023-FABC-4F4C-992D-B248CF3EB161}"
EndProject
Project("{FAE04EC0-301F-11D3-BF4B-00C04F79EFBC}") = "ClsData", "ClsData\ClsData.csproj", "{53041C74-E4DC-4A47-8AF6-F1353722709A}"
EndProject
Project("{FAE04EC0-301F-11D3-BF4B-00C04F79EFBC}") = "clsCommon", "..\clsCommon\clsCommon\clsCommon.csproj", "{00BD811C-3169-4EB8-908B-F8CD5C412FFE}"
EndProject
Global
	GlobalSection(SolutionConfigurationPlatforms) = preSolution
		Debug|Any CPU = Debug|Any CPU
		Release|Any CPU = Release|Any CPU
	EndGlobalSection
	GlobalSection(ProjectConfigurationPlatforms) = postSolution
		{724423F9-3F4B-4EF3-8465-093C84CBCEF4}.Debug|Any CPU.ActiveCfg = Debug|Any CPU
		{724423F9-3F4B-4EF3-8465-093C84CBCEF4}.Debug|Any CPU.Build.0 = Debug|Any CPU
		{724423F9-3F4B-4EF3-8465-093C84CBCEF4}.Release|Any CPU.ActiveCfg = Release|Any CPU
		{724423F9-3F4B-4EF3-8465-093C84CBCEF4}.Release|Any CPU.Build.0 = Release|Any CPU
		{06BDF023-FABC-4F4C-992D-B248CF3EB161}.Debug|Any CPU.ActiveCfg = Debug|Any CPU
		{06BDF023-FABC-4F4C-992D-B248CF3EB161}.Debug|Any CPU.Build.0 = Debug|Any CPU
		{06BDF023-FABC-4F4C-992D-B248CF3EB161}.Release|Any CPU.ActiveCfg = Release|Any CPU
		{06BDF023-FABC-4F4C-992D-B248CF3EB161}.Release|Any CPU.Build.0 = Release|Any CPU
		{53041C74-E4DC-4A47-8AF6-F1353722709A}.Debug|Any CPU.ActiveCfg = Debug|Any CPU
		{53041C74-E4DC-4A47-8AF6-F1353722709A}.Debug|Any CPU.Build.0 = Debug|Any CPU
		{53041C74-E4DC-4A47-8AF6-F1353722709A}.Release|Any CPU.ActiveCfg = Release|Any CPU
		{53041C74-E4DC-4A47-8AF6-F1353722709A}.Release|Any CPU.Build.0 = Release|Any CPU
		{00BD811C-3169-4EB8-908B-F8CD5C412FFE}.Debug|Any CPU.ActiveCfg = Debug|Any CPU
		{00BD811C-3169-4EB8-908B-F8CD5C412FFE}.Debug|Any CPU.Build.0 = Debug|Any CPU
		{00BD811C-3169-4EB8-908B-F8CD5C412FFE}.Release|Any CPU.ActiveCfg = Release|Any CPU
		{00BD811C-3169-4EB8-908B-F8CD5C412FFE}.Release|Any CPU.Build.0 = Release|Any CPU
	EndGlobalSection
	GlobalSection(SolutionProperties) = preSolution
		HideSolutionNode = FALSE
	EndGlobalSection
EndGlobal
